
Microsoft Visual Studio Solution File, Format Version 12.00
# Visual Studio Version 17
VisualStudioVersion = 17.3.32804.467
MinimumVisualStudioVersion = 10.0.40219.1
Project("{9A19103F-16F7-4668-BE54-9A1E7A4F7556}") = "MB.Domain", "MB.Domain\MB.Domain.csproj", "{4A31F05B-2409-45F7-B8B6-A08398D648E1}"
EndProject
Project("{9A19103F-16F7-4668-BE54-9A1E7A4F7556}") = "MB.Application.Contracts", "MB.Application.Contracts\MB.Application.Contracts.csproj", "{B8C183E0-DE90-4A44-88A3-FBF751706751}"
EndProject
Project("{9A19103F-16F7-4668-BE54-9A1E7A4F7556}") = "MB.Application", "MB.Application\MB.Application.csproj", "{3DEBAC87-2C9F-485D-8043-FBC553349828}"
EndProject
Project("{9A19103F-16F7-4668-BE54-9A1E7A4F7556}") = "MB.Infrastructure.EfCore", "MB.Infrastructure.EfCore\MB.Infrastructure.EfCore.csproj", "{4A69A350-0914-49C2-BBDC-67B855412783}"
EndProject
Project("{9A19103F-16F7-4668-BE54-9A1E7A4F7556}") = "MB.Presentation.MVC", "MB.Presentation.MVC\MB.Presentation.MVC.csproj", "{E9A30475-1198-4040-838A-4B49506F305D}"
EndProject
Project("{9A19103F-16F7-4668-BE54-9A1E7A4F7556}") = "MB.Infrastructure.IOC", "MB.Infrastructure.IOC\MB.Infrastructure.IOC.csproj", "{3C4AA517-172B-4CD8-8F36-A089C431A284}"
EndProject
Project("{9A19103F-16F7-4668-BE54-9A1E7A4F7556}") = "MB.Infrastructure.Query", "MB.Infrastructure.Query\MB.Infrastructure.Query.csproj", "{E3B3C7AE-944A-4FD7-ADA0-3B79C4B5E677}"
EndProject
Global
	GlobalSection(SolutionConfigurationPlatforms) = preSolution
		Debug|Any CPU = Debug|Any CPU
		Release|Any CPU = Release|Any CPU
	EndGlobalSection
	GlobalSection(ProjectConfigurationPlatforms) = postSolution
		{4A31F05B-2409-45F7-B8B6-A08398D648E1}.Debug|Any CPU.ActiveCfg = Debug|Any CPU
		{4A31F05B-2409-45F7-B8B6-A08398D648E1}.Debug|Any CPU.Build.0 = Debug|Any CPU
		{4A31F05B-2409-45F7-B8B6-A08398D648E1}.Release|Any CPU.ActiveCfg = Release|Any CPU
		{4A31F05B-2409-45F7-B8B6-A08398D648E1}.Release|Any CPU.Build.0 = Release|Any CPU
		{B8C183E0-DE90-4A44-88A3-FBF751706751}.Debug|Any CPU.ActiveCfg = Debug|Any CPU
		{B8C183E0-DE90-4A44-88A3-FBF751706751}.Debug|Any CPU.Build.0 = Debug|Any CPU
		{B8C183E0-DE90-4A44-88A3-FBF751706751}.Release|Any CPU.ActiveCfg = Release|Any CPU
		{B8C183E0-DE90-4A44-88A3-FBF751706751}.Release|Any CPU.Build.0 = Release|Any CPU
		{3DEBAC87-2C9F-485D-8043-FBC553349828}.Debug|Any CPU.ActiveCfg = Debug|Any CPU
		{3DEBAC87-2C9F-485D-8043-FBC553349828}.Debug|Any CPU.Build.0 = Debug|Any CPU
		{3DEBAC87-2C9F-485D-8043-FBC553349828}.Release|Any CPU.ActiveCfg = Release|Any CPU
		{3DEBAC87-2C9F-485D-8043-FBC553349828}.Release|Any CPU.Build.0 = Release|Any CPU
		{4A69A350-0914-49C2-BBDC-67B855412783}.Debug|Any CPU.ActiveCfg = Debug|Any CPU
		{4A69A350-0914-49C2-BBDC-67B855412783}.Debug|Any CPU.Build.0 = Debug|Any CPU
		{4A69A350-0914-49C2-BBDC-67B855412783}.Release|Any CPU.ActiveCfg = Release|Any CPU
		{4A69A350-0914-49C2-BBDC-67B855412783}.Release|Any CPU.Build.0 = Release|Any CPU
		{E9A30475-1198-4040-838A-4B49506F305D}.Debug|Any CPU.ActiveCfg = Debug|Any CPU
		{E9A30475-1198-4040-838A-4B49506F305D}.Debug|Any CPU.Build.0 = Debug|Any CPU
		{E9A30475-1198-4040-838A-4B49506F305D}.Release|Any CPU.ActiveCfg = Release|Any CPU
		{E9A30475-1198-4040-838A-4B49506F305D}.Release|Any CPU.Build.0 = Release|Any CPU
		{3C4AA517-172B-4CD8-8F36-A089C431A284}.Debug|Any CPU.ActiveCfg = Debug|Any CPU
		{3C4AA517-172B-4CD8-8F36-A089C431A284}.Debug|Any CPU.Build.0 = Debug|Any CPU
		{3C4AA517-172B-4CD8-8F36-A089C431A284}.Release|Any CPU.ActiveCfg = Release|Any CPU
		{3C4AA517-172B-4CD8-8F36-A089C431A284}.Release|Any CPU.Build.0 = Release|Any CPU
		{E3B3C7AE-944A-4FD7-ADA0-3B79C4B5E677}.Debug|Any CPU.ActiveCfg = Debug|Any CPU
		{E3B3C7AE-944A-4FD7-ADA0-3B79C4B5E677}.Debug|Any CPU.Build.0 = Debug|Any CPU
		{E3B3C7AE-944A-4FD7-ADA0-3B79C4B5E677}.Release|Any CPU.ActiveCfg = Release|Any CPU
		{E3B3C7AE-944A-4FD7-ADA0-3B79C4B5E677}.Release|Any CPU.Build.0 = Release|Any CPU
	EndGlobalSection
	GlobalSection(SolutionProperties) = preSolution
		HideSolutionNode = FALSE
	EndGlobalSection
	GlobalSection(ExtensibilityGlobals) = postSolution
		SolutionGuid = {09CD8337-28D4-4B8A-B8C5-3B85993C82E3}
	EndGlobalSection
EndGlobal
